<?xml version="1.0" encoding="utf-8"?>
<Project ToolsVersion="4.0" xmlns="http://schemas.microsoft.com/developer/msbuild/2003">
  <ItemGroup>
    <Filter Include="Source Files">
      <UniqueIdentifier>{4FC737F1-C7A5-4376-A066-2A32D752A2FF}</UniqueIdentifier>
      <Extensions>cpp;c;cc;cxx;def;odl;idl;hpj;bat;asm;asmx</Extensions>
    </Filter>
    <Filter Include="Header Files">
      <UniqueIdentifier>{93995380-89BD-4b04-88EB-625FBE52EBFB}</UniqueIdentifier>
      <Extensions>h;hh;hpp;hxx;hm;inl;inc;xsd</Extensions>
    </Filter>
    <Filter Include="Resource Files">
      <UniqueIdentifier>{67DA6AB6-F800-4c08-8B7A-83BB121AAD01}</UniqueIdentifier>
      <Extensions>rc;ico;cur;bmp;dlg;rc2;rct;bin;rgs;gif;jpg;jpeg;jpe;resx;tiff;tif;png;wav;mfcribbon-ms</Extensions>
    </Filter>
  </ItemGroup>
  <ItemGroup>
    <None Include="Marlin.ino" />
  </ItemGroup>
  <ItemGroup>
    <ClInclude Include="__vm\.Marlin.vsarduino.h">
      <Filter>Header Files</Filter>
    </ClInclude>
    <ClInclude Include="Bed_Leveling.h">
      <Filter>Header Files</Filter>
    </ClInclude>
    <ClInclude Include="blinkm.h">
      <Filter>Header Files</Filter>
    </ClInclude>
    <ClInclude Include="boards.h">
      <Filter>Header Files</Filter>
    </ClInclude>
    <ClInclude Include="buzzer.h">
      <Filter>Header Files</Filter>
    </ClInclude>
    <ClInclude Include="cardreader.h">
      <Filter>Header Files</Filter>
    </ClInclude>
    <ClInclude Include="circularqueue.h">
      <Filter>Header Files</Filter>
    </ClInclude>
    <ClInclude Include="Conditionals.h">
      <Filter>Header Files</Filter>
    </ClInclude>
    <ClInclude Include="Configuration.h">
      <Filter>Header Files</Filter>
    </ClInclude>
    <ClInclude Include="Configuration_adv.h">
      <Filter>Header Files</Filter>
    </ClInclude>
    <ClInclude Include="configuration_store.h">
      <Filter>Header Files</Filter>
    </ClInclude>
    <ClInclude Include="dac_mcp4728.h">
      <Filter>Header Files</Filter>
    </ClInclude>
    <ClInclude Include="dogm_bitmaps.h">
      <Filter>Header Files</Filter>
    </ClInclude>
    <ClInclude Include="dogm_custom_bitmaps.h">
      <Filter>Header Files</Filter>
    </ClInclude>
    <ClInclude Include="dogm_font_data_6x9_marlin.h">
      <Filter>Header Files</Filter>
    </ClInclude>
    <ClInclude Include="dogm_font_data_HD44780_C.h">
      <Filter>Header Files</Filter>
    </ClInclude>
    <ClInclude Include="dogm_font_data_HD44780_J.h">
      <Filter>Header Files</Filter>
    </ClInclude>
    <ClInclude Include="dogm_font_data_HD44780_W.h">
      <Filter>Header Files</Filter>
    </ClInclude>
    <ClInclude Include="dogm_font_data_ISO10646_1.h">
      <Filter>Header Files</Filter>
    </ClInclude>
    <ClInclude Include="dogm_font_data_ISO10646_5_Cyrillic.h">
      <Filter>Header Files</Filter>
    </ClInclude>
    <ClInclude Include="dogm_font_data_ISO10646_CN.h">
      <Filter>Header Files</Filter>
    </ClInclude>
    <ClInclude Include="dogm_font_data_ISO10646_Kana.h">
      <Filter>Header Files</Filter>
    </ClInclude>
    <ClInclude Include="dogm_font_data_Marlin_symbols.h">
      <Filter>Header Files</Filter>
    </ClInclude>
    <ClInclude Include="dogm_lcd_implementation.h">
      <Filter>Header Files</Filter>
    </ClInclude>
    <ClInclude Include="endstops.h">
      <Filter>Header Files</Filter>
    </ClInclude>
    <ClInclude Include="fastio.h">
      <Filter>Header Files</Filter>
    </ClInclude>
    <ClInclude Include="G29_Unified_Bed_Leveling.h">
      <Filter>Header Files</Filter>
    </ClInclude>
    <ClInclude Include="language.h">
      <Filter>Header Files</Filter>
    </ClInclude>
    <ClInclude Include="language_an.h">
      <Filter>Header Files</Filter>
    </ClInclude>
    <ClInclude Include="language_bg.h">
      <Filter>Header Files</Filter>
    </ClInclude>
    <ClInclude Include="language_ca.h">
      <Filter>Header Files</Filter>
    </ClInclude>
    <ClInclude Include="language_cn.h">
      <Filter>Header Files</Filter>
    </ClInclude>
    <ClInclude Include="language_cz.h">
      <Filter>Header Files</Filter>
    </ClInclude>
    <ClInclude Include="language_da.h">
      <Filter>Header Files</Filter>
    </ClInclude>
    <ClInclude Include="language_de.h">
      <Filter>Header Files</Filter>
    </ClInclude>
    <ClInclude Include="language_en.h">
      <Filter>Header Files</Filter>
    </ClInclude>
    <ClInclude Include="language_es.h">
      <Filter>Header Files</Filter>
    </ClInclude>
    <ClInclude Include="language_eu.h">
      <Filter>Header Files</Filter>
    </ClInclude>
    <ClInclude Include="language_fi.h">
      <Filter>Header Files</Filter>
    </ClInclude>
    <ClInclude Include="language_fr.h">
      <Filter>Header Files</Filter>
    </ClInclude>
    <ClInclude Include="language_gl.h">
      <Filter>Header Files</Filter>
    </ClInclude>
    <ClInclude Include="language_hr.h">
      <Filter>Header Files</Filter>
    </ClInclude>
    <ClInclude Include="language_it.h">
      <Filter>Header Files</Filter>
    </ClInclude>
    <ClInclude Include="language_kana.h">
      <Filter>Header Files</Filter>
    </ClInclude>
    <ClInclude Include="language_kana_utf8.h">
      <Filter>Header Files</Filter>
    </ClInclude>
    <ClInclude Include="language_nl.h">
      <Filter>Header Files</Filter>
    </ClInclude>
    <ClInclude Include="language_pl.h">
      <Filter>Header Files</Filter>
    </ClInclude>
    <ClInclude Include="language_pt-br.h">
      <Filter>Header Files</Filter>
    </ClInclude>
    <ClInclude Include="language_pt-br_utf8.h">
      <Filter>Header Files</Filter>
    </ClInclude>
    <ClInclude Include="language_pt.h">
      <Filter>Header Files</Filter>
    </ClInclude>
    <ClInclude Include="language_pt_utf8.h">
      <Filter>Header Files</Filter>
    </ClInclude>
    <ClInclude Include="language_ru.h">
      <Filter>Header Files</Filter>
    </ClInclude>
    <ClInclude Include="language_test.h">
      <Filter>Header Files</Filter>
    </ClInclude>
    <ClInclude Include="macros.h">
      <Filter>Header Files</Filter>
    </ClInclude>
    <ClInclude Include="Marlin.h">
      <Filter>Header Files</Filter>
    </ClInclude>
    <ClInclude Include="MarlinSerial.h">
      <Filter>Header Files</Filter>
    </ClInclude>
    <ClInclude Include="pins.h">
      <Filter>Header Files</Filter>
    </ClInclude>
    <ClInclude Include="pins_3DRAG.h">
      <Filter>Header Files</Filter>
    </ClInclude>
    <ClInclude Include="pins_5DPRINT.h">
      <Filter>Header Files</Filter>
    </ClInclude>
    <ClInclude Include="pins_99.h">
      <Filter>Header Files</Filter>
    </ClInclude>
    <ClInclude Include="pins_A4JP.h">
      <Filter>Header Files</Filter>
    </ClInclude>
    <ClInclude Include="pins_AZTEEG_X1.h">
      <Filter>Header Files</Filter>
    </ClInclude>
    <ClInclude Include="pins_AZTEEG_X3.h">
      <Filter>Header Files</Filter>
    </ClInclude>
    <ClInclude Include="pins_AZTEEG_X3_PRO.h">
      <Filter>Header Files</Filter>
    </ClInclude>
    <ClInclude Include="pins_BAM_DICE_DUE.h">
      <Filter>Header Files</Filter>
    </ClInclude>
    <ClInclude Include="pins_BQ_ZUM_MEGA_3D.h">
      <Filter>Header Files</Filter>
    </ClInclude>
    <ClInclude Include="pins_BRAINWAVE.h">
      <Filter>Header Files</Filter>
    </ClInclude>
    <ClInclude Include="pins_BRAINWAVE_PRO.h">
      <Filter>Header Files</Filter>
    </ClInclude>
    <ClInclude Include="pins_CHEAPTRONIC.h">
      <Filter>Header Files</Filter>
    </ClInclude>
    <ClInclude Include="pins_CNCONTROLS_12.h">
      <Filter>Header Files</Filter>
    </ClInclude>
    <ClInclude Include="pins_ELEFU_3.h">
      <Filter>Header Files</Filter>
    </ClInclude>
    <ClInclude Include="pins_FELIX2.h">
      <Filter>Header Files</Filter>
    </ClInclude>
    <ClInclude Include="pins_GEN3_MONOLITHIC.h">
      <Filter>Header Files</Filter>
    </ClInclude>
    <ClInclude Include="pins_GEN3_PLUS.h">
      <Filter>Header Files</Filter>
    </ClInclude>
    <ClInclude Include="pins_GEN6.h">
      <Filter>Header Files</Filter>
    </ClInclude>
    <ClInclude Include="pins_GEN6_DELUXE.h">
      <Filter>Header Files</Filter>
    </ClInclude>
    <ClInclude Include="pins_GEN7_12.h">
      <Filter>Header Files</Filter>
    </ClInclude>
    <ClInclude Include="pins_GEN7_13.h">
      <Filter>Header Files</Filter>
    </ClInclude>
    <ClInclude Include="pins_GEN7_14.h">
      <Filter>Header Files</Filter>
    </ClInclude>
    <ClInclude Include="pins_GEN7_CUSTOM.h">
      <Filter>Header Files</Filter>
    </ClInclude>
    <ClInclude Include="pins_K8200.h">
      <Filter>Header Files</Filter>
    </ClInclude>
    <ClInclude Include="pins_K8400.h">
      <Filter>Header Files</Filter>
    </ClInclude>
    <ClInclude Include="pins_LEAPFROG.h">
      <Filter>Header Files</Filter>
    </ClInclude>
    <ClInclude Include="pins_MEGACONTROLLER.h">
      <Filter>Header Files</Filter>
    </ClInclude>
    <ClInclude Include="pins_MEGATRONICS.h">
      <Filter>Header Files</Filter>
    </ClInclude>
    <ClInclude Include="pins_MEGATRONICS_2.h">
      <Filter>Header Files</Filter>
    </ClInclude>
    <ClInclude Include="pins_MEGATRONICS_3.h">
      <Filter>Header Files</Filter>
    </ClInclude>
    <ClInclude Include="pins_MELZI.h">
      <Filter>Header Files</Filter>
    </ClInclude>
    <ClInclude Include="pins_MELZI_MAKR3D.h">
      <Filter>Header Files</Filter>
    </ClInclude>
    <ClInclude Include="pins_MINIRAMBO.h">
      <Filter>Header Files</Filter>
    </ClInclude>
    <ClInclude Include="pins_MINITRONICS.h">
      <Filter>Header Files</Filter>
    </ClInclude>
    <ClInclude Include="pins_MKS_13.h">
      <Filter>Header Files</Filter>
    </ClInclude>
    <ClInclude Include="pins_MKS_BASE.h">
      <Filter>Header Files</Filter>
    </ClInclude>
    <ClInclude Include="pins_OMCA.h">
      <Filter>Header Files</Filter>
    </ClInclude>
    <ClInclude Include="pins_OMCA_A.h">
      <Filter>Header Files</Filter>
    </ClInclude>
    <ClInclude Include="pins_PRINTRBOARD.h">
      <Filter>Header Files</Filter>
    </ClInclude>
    <ClInclude Include="pins_PRINTRBOARD_REVF.h">
      <Filter>Header Files</Filter>
    </ClInclude>
    <ClInclude Include="pins_RAMBO.h">
      <Filter>Header Files</Filter>
    </ClInclude>
    <ClInclude Include="pins_RAMPS_13.h">
      <Filter>Header Files</Filter>
    </ClInclude>
    <ClInclude Include="pins_RAMPS_13_EFB.h">
      <Filter>Header Files</Filter>
    </ClInclude>
    <ClInclude Include="pins_RAMPS_14.h">
      <Filter>Header Files</Filter>
    </ClInclude>
    <ClInclude Include="pins_RAMPS_14_EFB.h">
      <Filter>Header Files</Filter>
    </ClInclude>
    <ClInclude Include="pins_RAMPS_14_VORON.h">
      <Filter>Header Files</Filter>
    </ClInclude>
    <ClInclude Include="pins_RAMPS_OLD.h">
      <Filter>Header Files</Filter>
    </ClInclude>
    <ClInclude Include="pins_RIGIDBOARD.h">
      <Filter>Header Files</Filter>
    </ClInclude>
    <ClInclude Include="pins_RIGIDBOARD_V2.h">
      <Filter>Header Files</Filter>
    </ClInclude>
    <ClInclude Include="pins_RUMBA.h">
      <Filter>Header Files</Filter>
    </ClInclude>
    <ClInclude Include="pins_SAINSMART_2IN1.h">
      <Filter>Header Files</Filter>
    </ClInclude>
    <ClInclude Include="pins_SANGUINOLOLU_11.h">
      <Filter>Header Files</Filter>
    </ClInclude>
    <ClInclude Include="pins_SANGUINOLOLU_12.h">
      <Filter>Header Files</Filter>
    </ClInclude>
    <ClInclude Include="pins_SAV_MKI.h">
      <Filter>Header Files</Filter>
    </ClInclude>
    <ClInclude Include="pins_SETHI.h">
      <Filter>Header Files</Filter>
    </ClInclude>
    <ClInclude Include="pins_STB_11.h">
      <Filter>Header Files</Filter>
    </ClInclude>
    <ClInclude Include="pins_TEENSY2.h">
      <Filter>Header Files</Filter>
    </ClInclude>
    <ClInclude Include="pins_TEENSYLU.h">
      <Filter>Header Files</Filter>
    </ClInclude>
    <ClInclude Include="pins_ULTIMAIN_2.h">
      <Filter>Header Files</Filter>
    </ClInclude>
    <ClInclude Include="pins_ULTIMAKER.h">
      <Filter>Header Files</Filter>
    </ClInclude>
    <ClInclude Include="pins_ULTIMAKER_OLD.h">
      <Filter>Header Files</Filter>
    </ClInclude>
    <ClInclude Include="planner.h">
      <Filter>Header Files</Filter>
    </ClInclude>
    <ClInclude Include="planner_bezier.h">
      <Filter>Header Files</Filter>
    </ClInclude>
    <ClInclude Include="printcounter.h">
      <Filter>Header Files</Filter>
    </ClInclude>
    <ClInclude Include="qr_solve.h">
      <Filter>Header Files</Filter>
    </ClInclude>
    <ClInclude Include="SanityCheck.h">
      <Filter>Header Files</Filter>
    </ClInclude>
    <ClInclude Include="Sd2Card.h">
      <Filter>Header Files</Filter>
    </ClInclude>
    <ClInclude Include="Sd2PinMap.h">
      <Filter>Header Files</Filter>
    </ClInclude>
    <ClInclude Include="SdBaseFile.h">
      <Filter>Header Files</Filter>
    </ClInclude>
    <ClInclude Include="SdFatConfig.h">
      <Filter>Header Files</Filter>
    </ClInclude>
    <ClInclude Include="SdFatStructs.h">
      <Filter>Header Files</Filter>
    </ClInclude>
    <ClInclude Include="SdFatUtil.h">
      <Filter>Header Files</Filter>
    </ClInclude>
    <ClInclude Include="SdFile.h">
      <Filter>Header Files</Filter>
    </ClInclude>
    <ClInclude Include="SdInfo.h">
      <Filter>Header Files</Filter>
    </ClInclude>
    <ClInclude Include="SdVolume.h">
      <Filter>Header Files</Filter>
    </ClInclude>
    <ClInclude Include="servo.h">
      <Filter>Header Files</Filter>
    </ClInclude>
    <ClInclude Include="speaker.h">
      <Filter>Header Files</Filter>
    </ClInclude>
    <ClInclude Include="speed_lookuptable.h">
      <Filter>Header Files</Filter>
    </ClInclude>
    <ClInclude Include="stepper.h">
      <Filter>Header Files</Filter>
    </ClInclude>
    <ClInclude Include="stepper_dac.h">
      <Filter>Header Files</Filter>
    </ClInclude>
    <ClInclude Include="stepper_indirection.h">
      <Filter>Header Files</Filter>
    </ClInclude>
    <ClInclude Include="stopwatch.h">
      <Filter>Header Files</Filter>
    </ClInclude>
    <ClInclude Include="temperature.h">
      <Filter>Header Files</Filter>
    </ClInclude>
    <ClInclude Include="thermistornames.h">
      <Filter>Header Files</Filter>
    </ClInclude>
    <ClInclude Include="thermistortables.h">
      <Filter>Header Files</Filter>
    </ClInclude>
    <ClInclude Include="twibus.h">
      <Filter>Header Files</Filter>
    </ClInclude>
    <ClInclude Include="ultralcd.h">
      <Filter>Header Files</Filter>
    </ClInclude>
    <ClInclude Include="ultralcd_implementation_hitachi_HD44780.h">
      <Filter>Header Files</Filter>
    </ClInclude>
    <ClInclude Include="ultralcd_st7920_u8glib_rrd.h">
      <Filter>Header Files</Filter>
    </ClInclude>
    <ClInclude Include="utf_mapper.h">
      <Filter>Header Files</Filter>
    </ClInclude>
    <ClInclude Include="vector_3.h">
      <Filter>Header Files</Filter>
    </ClInclude>
    <ClInclude Include="Version.h">
      <Filter>Header Files</Filter>
    </ClInclude>
    <ClInclude Include="watchdog.h">
      <Filter>Header Files</Filter>
    </ClInclude>
  </ItemGroup>
  <ItemGroup>
    <ClCompile Include="Bed_Leveling.cpp">
      <Filter>Source Files</Filter>
    </ClCompile>
    <ClCompile Include="blinkm.cpp">
      <Filter>Source Files</Filter>
    </ClCompile>
    <ClCompile Include="cardreader.cpp">
      <Filter>Source Files</Filter>
    </ClCompile>
    <ClCompile Include="configuration_store.cpp">
      <Filter>Source Files</Filter>
    </ClCompile>
    <ClCompile Include="dac_mcp4728.cpp">
      <Filter>Source Files</Filter>
    </ClCompile>
    <ClCompile Include="digipot_mcp4451.cpp">
      <Filter>Source Files</Filter>
    </ClCompile>
    <ClCompile Include="endstops.cpp">
      <Filter>Source Files</Filter>
    </ClCompile>
    <ClCompile Include="G25.cpp">
      <Filter>Source Files</Filter>
    </ClCompile>
    <ClCompile Include="G26_Mesh_Validation_Tool.cpp">
      <Filter>Source Files</Filter>
    </ClCompile>
    <ClCompile Include="G29_Unified_Bed_Leveling.cpp">
      <Filter>Source Files</Filter>
    </ClCompile>
    <ClCompile Include="hex_print_routines.cpp">
      <Filter>Source Files</Filter>
    </ClCompile>
    <ClCompile Include="M100_Free_Mem_Chk.cpp">
      <Filter>Source Files</Filter>
    </ClCompile>
    <ClCompile Include="MarlinSerial.cpp">
      <Filter>Source Files</Filter>
    </ClCompile>
    <ClCompile Include="Marlin_main.cpp">
      <Filter>Source Files</Filter>
    </ClCompile>
    <ClCompile Include="Mesh_Buffer_Line.cpp">
      <Filter>Source Files</Filter>
    </ClCompile>
    <ClCompile Include="planner.cpp">
      <Filter>Source Files</Filter>
    </ClCompile>
    <ClCompile Include="planner_bezier.cpp">
      <Filter>Source Files</Filter>
    </ClCompile>
    <ClCompile Include="printcounter.cpp">
      <Filter>Source Files</Filter>
    </ClCompile>
    <ClCompile Include="qr_solve.cpp">
      <Filter>Source Files</Filter>
    </ClCompile>
    <ClCompile Include="Sd2Card.cpp">
      <Filter>Source Files</Filter>
    </ClCompile>
    <ClCompile Include="SdBaseFile.cpp">
      <Filter>Source Files</Filter>
    </ClCompile>
    <ClCompile Include="SdFatUtil.cpp">
      <Filter>Source Files</Filter>
    </ClCompile>
    <ClCompile Include="SdFile.cpp">
      <Filter>Source Files</Filter>
    </ClCompile>
    <ClCompile Include="SdVolume.cpp">
      <Filter>Source Files</Filter>
    </ClCompile>
    <ClCompile Include="servo.cpp">
      <Filter>Source Files</Filter>
    </ClCompile>
    <ClCompile Include="stepper.cpp">
      <Filter>Source Files</Filter>
    </ClCompile>
    <ClCompile Include="stepper_dac.cpp">
      <Filter>Source Files</Filter>
    </ClCompile>
    <ClCompile Include="stepper_indirection.cpp">
      <Filter>Source Files</Filter>
    </ClCompile>
    <ClCompile Include="stopwatch.cpp">
      <Filter>Source Files</Filter>
    </ClCompile>
    <ClCompile Include="temperature.cpp">
      <Filter>Source Files</Filter>
    </ClCompile>
    <ClCompile Include="twibus.cpp">
      <Filter>Source Files</Filter>
    </ClCompile>
    <ClCompile Include="ultralcd.cpp">
      <Filter>Source Files</Filter>
    </ClCompile>
    <ClCompile Include="vector_3.cpp">
      <Filter>Source Files</Filter>
    </ClCompile>
    <ClCompile Include="watchdog.cpp">
      <Filter>Source Files</Filter>
    </ClCompile>
  </ItemGroup>
</Project>